{
  "name": "userregister",
  "version": "1.0.0",
  "lockfileVersion": 2,
  "requires": true,
  "packages": {
    "": {
      "name": "userregister",
      "version": "1.0.0",
      "license": "ISC",
      "dependencies": {
        "bcryptjs": "^2.4.3",
        "nanoid": "^5.0.1"
      }
    },
    "node_modules/bcryptjs": {
      "version": "2.4.3",
      "resolved": "https://registry.npmjs.org/bcryptjs/-/bcryptjs-2.4.3.tgz",
      "integrity": "sha512-V/Hy/X9Vt7f3BbPJEi8BdVFMByHi+jNXrYkW3huaybV/kQ0KJg0Y6PkEMbn+zeT+i+SiKZ/HMqJGIIt4LZDqNQ=="
    },
    "node_modules/nanoid": {
      "version": "5.0.1",
      "resolved": "https://registry.npmjs.org/nanoid/-/nanoid-5.0.1.tgz",
      "integrity": "sha512-vWeVtV5Cw68aML/QaZvqN/3QQXc6fBfIieAlu05m7FZW2Dgb+3f0xc0TTxuJW+7u30t7iSDTV/j3kVI0oJqIfQ==",
      "funding": [
        {
          "type": "github",
          "url": "https://github.com/sponsors/ai"
        }
      ],
      "bin": {
        "nanoid": "bin/nanoid.js"
      },
      "engines": {
        "node": "^18 || >=20"
      }
    }
  },
  "dependencies": {
    "bcryptjs": {
      "version": "2.4.3",
      "resolved": "https://registry.npmjs.org/bcryptjs/-/bcryptjs-2.4.3.tgz",
      "integrity": "sha512-V/Hy/X9Vt7f3BbPJEi8BdVFMByHi+jNXrYkW3huaybV/kQ0KJg0Y6PkEMbn+zeT+i+SiKZ/HMqJGIIt4LZDqNQ=="
    },
    "nanoid": {
      "version": "5.0.1",
      "resolved": "https://registry.npmjs.org/nanoid/-/nanoid-5.0.1.tgz",
      "integrity": "sha512-vWeVtV5Cw68aML/QaZvqN/3QQXc6fBfIieAlu05m7FZW2Dgb+3f0xc0TTxuJW+7u30t7iSDTV/j3kVI0oJqIfQ=="
    }
  }
}
